// !$*UTF8*$!
{
	archiveVersion = 1;
	classes = {
	};
	objectVersion = 50;
	objects = {

/* Begin PBXBuildFile section */
		3634B27C24BACD7500742EA0 /* AppDelegate.swift in Sources */ = {isa = PBXBuildFile; fileRef = 3634B27B24BACD7500742EA0 /* AppDelegate.swift */; };
		3634B27E24BACD7500742EA0 /* ViewController.swift in Sources */ = {isa = PBXBuildFile; fileRef = 3634B27D24BACD7500742EA0 /* ViewController.swift */; };
		3634B28024BACD7800742EA0 /* Assets.xcassets in Resources */ = {isa = PBXBuildFile; fileRef = 3634B27F24BACD7800742EA0 /* Assets.xcassets */; };
		3634B28324BACD7800742EA0 /* Main.storyboard in Resources */ = {isa = PBXBuildFile; fileRef = 3634B28124BACD7800742EA0 /* Main.storyboard */; };
		3634B28F24BACD7800742EA0 /* BLE_Mark_IITests.swift in Sources */ = {isa = PBXBuildFile; fileRef = 3634B28E24BACD7800742EA0 /* BLE_Mark_IITests.swift */; };
		3634B29A24BACD7800742EA0 /* BLE_Mark_IIUITests.swift in Sources */ = {isa = PBXBuildFile; fileRef = 3634B29924BACD7800742EA0 /* BLE_Mark_IIUITests.swift */; };
		3634B2A824BAD01000742EA0 /* PeripheralViewController.swift in Sources */ = {isa = PBXBuildFile; fileRef = 3634B2A724BAD01000742EA0 /* PeripheralViewController.swift */; };
/* End PBXBuildFile section */

/* Begin PBXContainerItemProxy section */
		3634B28B24BACD7800742EA0 /* PBXContainerItemProxy */ = {
			isa = PBXContainerItemProxy;
			containerPortal = 3634B27024BACD7500742EA0 /* Project object */;
			proxyType = 1;
			remoteGlobalIDString = 3634B27724BACD7500742EA0;
			remoteInfo = "BLE Mark II";
		};
		3634B29624BACD7800742EA0 /* PBXContainerItemProxy */ = {
			isa = PBXContainerItemProxy;
			containerPortal = 3634B27024BACD7500742EA0 /* Project object */;
			proxyType = 1;
			remoteGlobalIDString = 3634B27724BACD7500742EA0;
			remoteInfo = "BLE Mark II";
		};
/* End PBXContainerItemProxy section */

/* Begin PBXFileReference section */
		3634B27824BACD7500742EA0 /* BLE Mark II.app */ = {isa = PBXFileReference; explicitFileType = wrapper.application; includeInIndex = 0; path = "BLE Mark II.app"; sourceTree = BUILT_PRODUCTS_DIR; };
		3634B27B24BACD7500742EA0 /* AppDelegate.swift */ = {isa = PBXFileReference; lastKnownFileType = sourcecode.swift; path = AppDelegate.swift; sourceTree = "<group>"; };
		3634B27D24BACD7500742EA0 /* ViewController.swift */ = {isa = PBXFileReference; lastKnownFileType = sourcecode.swift; path = ViewController.swift; sourceTree = "<group>"; };
		3634B27F24BACD7800742EA0 /* Assets.xcassets */ = {isa = PBXFileReference; lastKnownFileType = folder.assetcatalog; path = Assets.xcassets; sourceTree = "<group>"; };
		3634B28224BACD7800742EA0 /* Base */ = {isa = PBXFileReference; lastKnownFileType = file.storyboard; name = Base; path = Base.lproj/Main.storyboard; sourceTree = "<group>"; };
		3634B28424BACD7800742EA0 /* Info.plist */ = {isa = PBXFileReference; lastKnownFileType = text.plist.xml; path = Info.plist; sourceTree = "<group>"; };
		3634B28524BACD7800742EA0 /* BLE_Mark_II.entitlements */ = {isa = PBXFileReference; lastKnownFileType = text.plist.entitlements; path = BLE_Mark_II.entitlements; sourceTree = "<group>"; };
		3634B28A24BACD7800742EA0 /* BLE Mark IITests.xctest */ = {isa = PBXFileReference; explicitFileType = wrapper.cfbundle; includeInIndex = 0; path = "BLE Mark IITests.xctest"; sourceTree = BUILT_PRODUCTS_DIR; };
		3634B28E24BACD7800742EA0 /* BLE_Mark_IITests.swift */ = {isa = PBXFileReference; lastKnownFileType = sourcecode.swift; path = BLE_Mark_IITests.swift; sourceTree = "<group>"; };
		3634B29024BACD7800742EA0 /* Info.plist */ = {isa = PBXFileReference; lastKnownFileType = text.plist.xml; path = Info.plist; sourceTree = "<group>"; };
		3634B29524BACD7800742EA0 /* BLE Mark IIUITests.xctest */ = {isa = PBXFileReference; explicitFileType = wrapper.cfbundle; includeInIndex = 0; path = "BLE Mark IIUITests.xctest"; sourceTree = BUILT_PRODUCTS_DIR; };
		3634B29924BACD7800742EA0 /* BLE_Mark_IIUITests.swift */ = {isa = PBXFileReference; lastKnownFileType = sourcecode.swift; path = BLE_Mark_IIUITests.swift; sourceTree = "<group>"; };
		3634B29B24BACD7800742EA0 /* Info.plist */ = {isa = PBXFileReference; lastKnownFileType = text.plist.xml; path = Info.plist; sourceTree = "<group>"; };
		3634B2A724BAD01000742EA0 /* PeripheralViewController.swift */ = {isa = PBXFileReference; lastKnownFileType = sourcecode.swift; path = PeripheralViewController.swift; sourceTree = "<group>"; };
		3634B2A924BAD15600742EA0 /* BLE Mark II.entitlements */ = {isa = PBXFileReference; lastKnownFileType = text.plist.entitlements; path = "BLE Mark II.entitlements"; sourceTree = "<group>"; };
/* End PBXFileReference section */

/* Begin PBXFrameworksBuildPhase section */
		3634B27524BACD7500742EA0 /* Frameworks */ = {
			isa = PBXFrameworksBuildPhase;
			buildActionMask = 2147483647;
			files = (
			);
			runOnlyForDeploymentPostprocessing = 0;
		};
		3634B28724BACD7800742EA0 /* Frameworks */ = {
			isa = PBXFrameworksBuildPhase;
			buildActionMask = 2147483647;
			files = (
			);
			runOnlyForDeploymentPostprocessing = 0;
		};
		3634B29224BACD7800742EA0 /* Frameworks */ = {
			isa = PBXFrameworksBuildPhase;
			buildActionMask = 2147483647;
			files = (
			);
			runOnlyForDeploymentPostprocessing = 0;
		};
/* End PBXFrameworksBuildPhase section */

/* Begin PBXGroup section */
		3634B26F24BACD7500742EA0 = {
			isa = PBXGroup;
			children = (
				3634B27A24BACD7500742EA0 /* BLE Mark II */,
				3634B28D24BACD7800742EA0 /* BLE Mark IITests */,
				3634B29824BACD7800742EA0 /* BLE Mark IIUITests */,
				3634B27924BACD7500742EA0 /* Products */,
			);
			sourceTree = "<group>";
		};
		3634B27924BACD7500742EA0 /* Products */ = {
			isa = PBXGroup;
			children = (
				3634B27824BACD7500742EA0 /* BLE Mark II.app */,
				3634B28A24BACD7800742EA0 /* BLE Mark IITests.xctest */,
				3634B29524BACD7800742EA0 /* BLE Mark IIUITests.xctest */,
			);
			name = Products;
			sourceTree = "<group>";
		};
		3634B27A24BACD7500742EA0 /* BLE Mark II */ = {
			isa = PBXGroup;
			children = (
				3634B2A924BAD15600742EA0 /* BLE Mark II.entitlements */,
				3634B27B24BACD7500742EA0 /* AppDelegate.swift */,
				3634B27D24BACD7500742EA0 /* ViewController.swift */,
				3634B2A724BAD01000742EA0 /* PeripheralViewController.swift */,
				3634B27F24BACD7800742EA0 /* Assets.xcassets */,
				3634B28124BACD7800742EA0 /* Main.storyboard */,
				3634B28424BACD7800742EA0 /* Info.plist */,
				3634B28524BACD7800742EA0 /* BLE_Mark_II.entitlements */,
			);
			path = "BLE Mark II";
			sourceTree = "<group>";
		};
		3634B28D24BACD7800742EA0 /* BLE Mark IITests */ = {
			isa = PBXGroup;
			children = (
				3634B28E24BACD7800742EA0 /* BLE_Mark_IITests.swift */,
				3634B29024BACD7800742EA0 /* Info.plist */,
			);
			path = "BLE Mark IITests";
			sourceTree = "<group>";
		};
		3634B29824BACD7800742EA0 /* BLE Mark IIUITests */ = {
			isa = PBXGroup;
			children = (
				3634B29924BACD7800742EA0 /* BLE_Mark_IIUITests.swift */,
				3634B29B24BACD7800742EA0 /* Info.plist */,
			);
			path = "BLE Mark IIUITests";
			sourceTree = "<group>";
		};
/* End PBXGroup section */

/* Begin PBXNativeTarget section */
		3634B27724BACD7500742EA0 /* BLE Mark II */ = {
			isa = PBXNativeTarget;
			buildConfigurationList = 3634B29E24BACD7800742EA0 /* Build configuration list for PBXNativeTarget "BLE Mark II" */;
			buildPhases = (
				3634B27424BACD7500742EA0 /* Sources */,
				3634B27524BACD7500742EA0 /* Frameworks */,
				3634B27624BACD7500742EA0 /* Resources */,
			);
			buildRules = (
			);
			dependencies = (
			);
			name = "BLE Mark II";
			productName = "BLE Mark II";
			productReference = 3634B27824BACD7500742EA0 /* BLE Mark II.app */;
			productType = "com.apple.product-type.application";
		};
		3634B28924BACD7800742EA0 /* BLE Mark IITests */ = {
			isa = PBXNativeTarget;
			buildConfigurationList = 3634B2A124BACD7800742EA0 /* Build configuration list for PBXNativeTarget "BLE Mark IITests" */;
			buildPhases = (
				3634B28624BACD7800742EA0 /* Sources */,
				3634B28724BACD7800742EA0 /* Frameworks */,
				3634B28824BACD7800742EA0 /* Resources */,
			);
			buildRules = (
			);
			dependencies = (
				3634B28C24BACD7800742EA0 /* PBXTargetDependency */,
			);
			name = "BLE Mark IITests";
			productName = "BLE Mark IITests";
			productReference = 3634B28A24BACD7800742EA0 /* BLE Mark IITests.xctest */;
			productType = "com.apple.product-type.bundle.unit-test";
		};
		3634B29424BACD7800742EA0 /* BLE Mark IIUITests */ = {
			isa = PBXNativeTarget;
			buildConfigurationList = 3634B2A424BACD7800742EA0 /* Build configuration list for PBXNativeTarget "BLE Mark IIUITests" */;
			buildPhases = (
				3634B29124BACD7800742EA0 /* Sources */,
				3634B29224BACD7800742EA0 /* Frameworks */,
				3634B29324BACD7800742EA0 /* Resources */,
			);
			buildRules = (
			);
			dependencies = (
				3634B29724BACD7800742EA0 /* PBXTargetDependency */,
			);
			name = "BLE Mark IIUITests";
			productName = "BLE Mark IIUITests";
			productReference = 3634B29524BACD7800742EA0 /* BLE Mark IIUITests.xctest */;
			productType = "com.apple.product-type.bundle.ui-testing";
		};
/* End PBXNativeTarget section */

/* Begin PBXProject section */
		3634B27024BACD7500742EA0 /* Project object */ = {
			isa = PBXProject;
			attributes = {
				LastSwiftUpdateCheck = 1020;
				LastUpgradeCheck = 1020;
				ORGANIZATIONNAME = "Tejaswi Vemulapati";
				TargetAttributes = {
					3634B27724BACD7500742EA0 = {
						CreatedOnToolsVersion = 10.2.1;
						SystemCapabilities = {
							com.apple.Sandbox = {
								enabled = 1;
							};
						};
					};
					3634B28924BACD7800742EA0 = {
						CreatedOnToolsVersion = 10.2.1;
						TestTargetID = 3634B27724BACD7500742EA0;
					};
					3634B29424BACD7800742EA0 = {
						CreatedOnToolsVersion = 10.2.1;
						TestTargetID = 3634B27724BACD7500742EA0;
					};
				};
			};
			buildConfigurationList = 3634B27324BACD7500742EA0 /* Build configuration list for PBXProject "BLE Mark II" */;
			compatibilityVersion = "Xcode 9.3";
			developmentRegion = en;
			hasScannedForEncodings = 0;
			knownRegions = (
				en,
				Base,
			);
			mainGroup = 3634B26F24BACD7500742EA0;
			productRefGroup = 3634B27924BACD7500742EA0 /* Products */;
			projectDirPath = "";
			projectRoot = "";
			targets = (
				3634B27724BACD7500742EA0 /* BLE Mark II */,
				3634B28924BACD7800742EA0 /* BLE Mark IITests */,
				3634B29424BACD7800742EA0 /* BLE Mark IIUITests */,
			);
		};
/* End PBXProject section */

/* Begin PBXResourcesBuildPhase section */
		3634B27624BACD7500742EA0 /* Resources */ = {
			isa = PBXResourcesBuildPhase;
			buildActionMask = 2147483647;
			files = (
				3634B28024BACD7800742EA0 /* Assets.xcassets in Resources */,
				3634B28324BACD7800742EA0 /* Main.storyboard in Resources */,
			);
			runOnlyForDeploymentPostprocessing = 0;
		};
		3634B28824BACD7800742EA0 /* Resources */ = {
			isa = PBXResourcesBuildPhase;
			buildActionMask = 2147483647;
			files = (
			);
			runOnlyForDeploymentPostprocessing = 0;
		};
		3634B29324BACD7800742EA0 /* Resources */ = {
			isa = PBXResourcesBuildPhase;
			buildActionMask = 2147483647;
			files = (
			);
			runOnlyForDeploymentPostprocessing = 0;
		};
/* End PBXResourcesBuildPhase section */

/* Begin PBXSourcesBuildPhase section */
		3634B27424BACD7500742EA0 /* Sources */ = {
			isa = PBXSourcesBuildPhase;
			buildActionMask = 2147483647;
			files = (
				3634B27E24BACD7500742EA0 /* ViewController.swift in Sources */,
				3634B2A824BAD01000742EA0 /* PeripheralViewController.swift in Sources */,
				3634B27C24BACD7500742EA0 /* AppDelegate.swift in Sources */,
			);
			runOnlyForDeploymentPostprocessing = 0;
		};
		3634B28624BACD7800742EA0 /* Sources */ = {
			isa = PBXSourcesBuildPhase;
			buildActionMask = 2147483647;
			files = (
				3634B28F24BACD7800742EA0 /* BLE_Mark_IITests.swift in Sources */,
			);
			runOnlyForDeploymentPostprocessing = 0;
		};
		3634B29124BACD7800742EA0 /* Sources */ = {
			isa = PBXSourcesBuildPhase;
			buildActionMask = 2147483647;
			files = (
				3634B29A24BACD7800742EA0 /* BLE_Mark_IIUITests.swift in Sources */,
			);
			runOnlyForDeploymentPostprocessing = 0;
		};
/* End PBXSourcesBuildPhase section */

/* Begin PBXTargetDependency section */
		3634B28C24BACD7800742EA0 /* PBXTargetDependency */ = {
			isa = PBXTargetDependency;
			target = 3634B27724BACD7500742EA0 /* BLE Mark II */;
			targetProxy = 3634B28B24BACD7800742EA0 /* PBXContainerItemProxy */;
		};
		3634B29724BACD7800742EA0 /* PBXTargetDependency */ = {
			isa = PBXTargetDependency;
			target = 3634B27724BACD7500742EA0 /* BLE Mark II */;
			targetProxy = 3634B29624BACD7800742EA0 /* PBXContainerItemProxy */;
		};
/* End PBXTargetDependency section */

/* Begin PBXVariantGroup section */
		3634B28124BACD7800742EA0 /* Main.storyboard */ = {
			isa = PBXVariantGroup;
			children = (
				3634B28224BACD7800742EA0 /* Base */,
			);
			name = Main.storyboard;
			sourceTree = "<group>";
		};
/* End PBXVariantGroup section */

/* Begin XCBuildConfiguration section */
		3634B29C24BACD7800742EA0 /* Debug */ = {
			isa = XCBuildConfiguration;
			buildSettings = {
				ALWAYS_SEARCH_USER_PATHS = NO;
				CLANG_ANALYZER_NONNULL = YES;
				CLANG_ANALYZER_NUMBER_OBJECT_CONVERSION = YES_AGGRESSIVE;
				CLANG_CXX_LANGUAGE_STANDARD = "gnu++14";
				CLANG_CXX_LIBRARY = "libc++";
				CLANG_ENABLE_MODULES = YES;
				CLANG_ENABLE_OBJC_ARC = YES;
				CLANG_ENABLE_OBJC_WEAK = YES;
				CLANG_WARN_BLOCK_CAPTURE_AUTORELEASING = YES;
				CLANG_WARN_BOOL_CONVERSION = YES;
				CLANG_WARN_COMMA = YES;
				CLANG_WARN_CONSTANT_CONVERSION = YES;
				CLANG_WARN_DEPRECATED_OBJC_IMPLEMENTATIONS = YES;
				CLANG_WARN_DIRECT_OBJC_ISA_USAGE = YES_ERROR;
				CLANG_WARN_DOCUMENTATION_COMMENTS = YES;
				CLANG_WARN_EMPTY_BODY = YES;
				CLANG_WARN_ENUM_CONVERSION = YES;
				CLANG_WARN_INFINITE_RECURSION = YES;
				CLANG_WARN_INT_CONVERSION = YES;
				CLANG_WARN_NON_LITERAL_NULL_CONVERSION = YES;
				CLANG_WARN_OBJC_IMPLICIT_RETAIN_SELF = YES;
				CLANG_WARN_OBJC_LITERAL_CONVERSION = YES;
				CLANG_WARN_OBJC_ROOT_CLASS = YES_ERROR;
				CLANG_WARN_RANGE_LOOP_ANALYSIS = YES;
				CLANG_WARN_STRICT_PROTOTYPES = YES;
				CLANG_WARN_SUSPICIOUS_MOVE = YES;
				CLANG_WARN_UNGUARDED_AVAILABILITY = YES_AGGRESSIVE;
				CLANG_WARN_UNREACHABLE_CODE = YES;
				CLANG_WARN__DUPLICATE_METHOD_MATCH = YES;
				CODE_SIGN_IDENTITY = "-";
				COPY_PHASE_STRIP = NO;
				DEBUG_INFORMATION_FORMAT = dwarf;
				ENABLE_STRICT_OBJC_MSGSEND = YES;
				ENABLE_TESTABILITY = YES;
				GCC_C_LANGUAGE_STANDARD = gnu11;
				GCC_DYNAMIC_NO_PIC = NO;
				GCC_NO_COMMON_BLOCKS = YES;
				GCC_OPTIMIZATION_LEVEL = 0;
				GCC_PREPROCESSOR_DEFINITIONS = (
					"DEBUG=1",
					"$(inherited)",
				);
				GCC_WARN_64_TO_32_BIT_CONVERSION = YES;
				GCC_WARN_ABOUT_RETURN_TYPE = YES_ERROR;
				GCC_WARN_UNDECLARED_SELECTOR = YES;
				GCC_WARN_UNINITIALIZED_AUTOS = YES_AGGRESSIVE;
				GCC_WARN_UNUSED_FUNCTION = YES;
				GCC_WARN_UNUSED_VARIABLE = YES;
				MACOSX_DEPLOYMENT_TARGET = 10.14;
				MTL_ENABLE_DEBUG_INFO = INCLUDE_SOURCE;
				MTL_FAST_MATH = YES;
				ONLY_ACTIVE_ARCH = YES;
				SDKROOT = macosx;
				SWIFT_ACTIVE_COMPILATION_CONDITIONS = DEBUG;
				SWIFT_OPTIMIZATION_LEVEL = "-Onone";
			};
			name = Debug;
		};
		3634B29D24BACD7800742EA0 /* Release */ = {
			isa = XCBuildConfiguration;
			buildSettings = {
				ALWAYS_SEARCH_USER_PATHS = NO;
				CLANG_ANALYZER_NONNULL = YES;
				CLANG_ANALYZER_NUMBER_OBJECT_CONVERSION = YES_AGGRESSIVE;
				CLANG_CXX_LANGUAGE_STANDARD = "gnu++14";
				CLANG_CXX_LIBRARY = "libc++";
				CLANG_ENABLE_MODULES = YES;
				CLANG_ENABLE_OBJC_ARC = YES;
				CLANG_ENABLE_OBJC_WEAK = YES;
				CLANG_WARN_BLOCK_CAPTURE_AUTORELEASING = YES;
				CLANG_WARN_BOOL_CONVERSION = YES;
				CLANG_WARN_COMMA = YES;
				CLANG_WARN_CONSTANT_CONVERSION = YES;
				CLANG_WARN_DEPRECATED_OBJC_IMPLEMENTATIONS = YES;
				CLANG_WARN_DIRECT_OBJC_ISA_USAGE = YES_ERROR;
				CLANG_WARN_DOCUMENTATION_COMMENTS = YES;
				CLANG_WARN_EMPTY_BODY = YES;
				CLANG_WARN_ENUM_CONVERSION = YES;
				CLANG_WARN_INFINITE_RECURSION = YES;
				CLANG_WARN_INT_CONVERSION = YES;
				CLANG_WARN_NON_LITERAL_NULL_CONVERSION = YES;
				CLANG_WARN_OBJC_IMPLICIT_RETAIN_SELF = YES;
				CLANG_WARN_OBJC_LITERAL_CONVERSION = YES;
				CLANG_WARN_OBJC_ROOT_CLASS = YES_ERROR;
				CLANG_WARN_RANGE_LOOP_ANALYSIS = YES;
				CLANG_WARN_STRICT_PROTOTYPES = YES;
				CLANG_WARN_SUSPICIOUS_MOVE = YES;
				CLANG_WARN_UNGUARDED_AVAILABILITY = YES_AGGRESSIVE;
				CLANG_WARN_UNREACHABLE_CODE = YES;
				CLANG_WARN__DUPLICATE_METHOD_MATCH = YES;
				CODE_SIGN_IDENTITY = "-";
				COPY_PHASE_STRIP = NO;
				DEBUG_INFORMATION_FORMAT = "dwarf-with-dsym";
				ENABLE_NS_ASSERTIONS = NO;
				ENABLE_STRICT_OBJC_MSGSEND = YES;
				GCC_C_LANGUAGE_STANDARD = gnu11;
				GCC_NO_COMMON_BLOCKS = YES;
				GCC_WARN_64_TO_32_BIT_CONVERSION = YES;
				GCC_WARN_ABOUT_RETURN_TYPE = YES_ERROR;
				GCC_WARN_UNDECLARED_SELECTOR = YES;
				GCC_WARN_UNINITIALIZED_AUTOS = YES_AGGRESSIVE;
				GCC_WARN_UNUSED_FUNCTION = YES;
				GCC_WARN_UNUSED_VARIABLE = YES;
				MACOSX_DEPLOYMENT_TARGET = 10.14;
				MTL_ENABLE_DEBUG_INFO = NO;
				MTL_FAST_MATH = YES;
				SDKROOT = macosx;
				SWIFT_COMPILATION_MODE = wholemodule;
				SWIFT_OPTIMIZATION_LEVEL = "-O";
			};
			name = Release;
		};
		3634B29F24BACD7800742EA0 /* Debug */ = {
			isa = XCBuildConfiguration;
			buildSettings = {
				ASSETCATALOG_COMPILER_APPICON_NAME = AppIcon;
				CODE_SIGN_ENTITLEMENTS = "BLE Mark II/BLE Mark II.entitlements";
				CODE_SIGN_STYLE = Automatic;
				COMBINE_HIDPI_IMAGES = YES;
				INFOPLIST_FILE = "BLE Mark II/Info.plist";
				LD_RUNPATH_SEARCH_PATHS = (
					"$(inherited)",
					"@executable_path/../Frameworks",
				);
				PRODUCT_BUNDLE_IDENTIFIER = "Tejaswi-Vemulapati.BLE-Mark-II";
				PRODUCT_NAME = "$(TARGET_NAME)";
				SWIFT_VERSION = 5.0;
			};
			name = Debug;
		};
		3634B2A024BACD7800742EA0 /* Release */ = {
			isa = XCBuildConfiguration;
			buildSettings = {
				ASSETCATALOG_COMPILER_APPICON_NAME = AppIcon;
				CODE_SIGN_ENTITLEMENTS = "BLE Mark II/BLE Mark II.entitlements";
				CODE_SIGN_STYLE = Automatic;
				COMBINE_HIDPI_IMAGES = YES;
				INFOPLIST_FILE = "BLE Mark II/Info.plist";
				LD_RUNPATH_SEARCH_PATHS = (
					"$(inherited)",
					"@executable_path/../Frameworks",
				);
				PRODUCT_BUNDLE_IDENTIFIER = "Tejaswi-Vemulapati.BLE-Mark-II";
				PRODUCT_NAME = "$(TARGET_NAME)";
				SWIFT_VERSION = 5.0;
			};
			name = Release;
		};
		3634B2A224BACD7800742EA0 /* Debug */ = {
			isa = XCBuildConfiguration;
			buildSettings = {
				ALWAYS_EMBED_SWIFT_STANDARD_LIBRARIES = YES;
				BUNDLE_LOADER = "$(TEST_HOST)";
				CODE_SIGN_STYLE = Automatic;
				COMBINE_HIDPI_IMAGES = YES;
				INFOPLIST_FILE = "BLE Mark IITests/Info.plist";
				LD_RUNPATH_SEARCH_PATHS = (
					"$(inherited)",
					"@executable_path/../Frameworks",
					"@loader_path/../Frameworks",
				);
				PRODUCT_BUNDLE_IDENTIFIER = "Tejaswi-Vemulapati.BLE-Mark-IITests";
				PRODUCT_NAME = "$(TARGET_NAME)";
				SWIFT_VERSION = 5.0;
				TEST_HOST = "$(BUILT_PRODUCTS_DIR)/BLE Mark II.app/Contents/MacOS/BLE Mark II";
			};
			name = Debug;
		};
		3634B2A324BACD7800742EA0 /* Release */ = {
			isa = XCBuildConfiguration;
			buildSettings = {
				ALWAYS_EMBED_SWIFT_STANDARD_LIBRARIES = YES;
				BUNDLE_LOADER = "$(TEST_HOST)";
				CODE_SIGN_STYLE = Automatic;
				COMBINE_HIDPI_IMAGES = YES;
				INFOPLIST_FILE = "BLE Mark IITests/Info.plist";
				LD_RUNPATH_SEARCH_PATHS = (
					"$(inherited)",
					"@executable_path/../Frameworks",
					"@loader_path/../Frameworks",
				);
				PRODUCT_BUNDLE_IDENTIFIER = "Tejaswi-Vemulapati.BLE-Mark-IITests";
				PRODUCT_NAME = "$(TARGET_NAME)";
				SWIFT_VERSION = 5.0;
				TEST_HOST = "$(BUILT_PRODUCTS_DIR)/BLE Mark II.app/Contents/MacOS/BLE Mark II";
			};
			name = Release;
		};
		3634B2A524BACD7800742EA0 /* Debug */ = {
			isa = XCBuildConfiguration;
			buildSettings = {
				ALWAYS_EMBED_SWIFT_STANDARD_LIBRARIES = YES;
				CODE_SIGN_STYLE = Automatic;
				COMBINE_HIDPI_IMAGES = YES;
				INFOPLIST_FILE = "BLE Mark IIUITests/Info.plist";
				LD_RUNPATH_SEARCH_PATHS = (
					"$(inherited)",
					"@executable_path/../Frameworks",
					"@loader_path/../Frameworks",
				);
				PRODUCT_BUNDLE_IDENTIFIER = "Tejaswi-Vemulapati.BLE-Mark-IIUITests";
				PRODUCT_NAME = "$(TARGET_NAME)";
				SWIFT_VERSION = 5.0;
				TEST_TARGET_NAME = "BLE Mark II";
			};
			name = Debug;
		};
		3634B2A624BACD7800742EA0 /* Release */ = {
			isa = XCBuildConfiguration;
			buildSettings = {
				ALWAYS_EMBED_SWIFT_STANDARD_LIBRARIES = YES;
				CODE_SIGN_STYLE = Automatic;
				COMBINE_HIDPI_IMAGES = YES;
				INFOPLIST_FILE = "BLE Mark IIUITests/Info.plist";
				LD_RUNPATH_SEARCH_PATHS = (
					"$(inherited)",
					"@executable_path/../Frameworks",
					"@loader_path/../Frameworks",
				);
				PRODUCT_BUNDLE_IDENTIFIER = "Tejaswi-Vemulapati.BLE-Mark-IIUITests";
				PRODUCT_NAME = "$(TARGET_NAME)";
				SWIFT_VERSION = 5.0;
				TEST_TARGET_NAME = "BLE Mark II";
			};
			name = Release;
		};
/* End XCBuildConfiguration section */

/* Begin XCConfigurationList section */
		3634B27324BACD7500742EA0 /* Build configuration list for PBXProject "BLE Mark II" */ = {
			isa = XCConfigurationList;
			buildConfigurations = (
				3634B29C24BACD7800742EA0 /* Debug */,
				3634B29D24BACD7800742EA0 /* Release */,
			);
			defaultConfigurationIsVisible = 0;
			defaultConfigurationName = Release;
		};
		3634B29E24BACD7800742EA0 /* Build configuration list for PBXNativeTarget "BLE Mark II" */ = {
			isa = XCConfigurationList;
			buildConfigurations = (
				3634B29F24BACD7800742EA0 /* Debug */,
				3634B2A024BACD7800742EA0 /* Release */,
			);
			defaultConfigurationIsVisible = 0;
			defaultConfigurationName = Release;
		};
		3634B2A124BACD7800742EA0 /* Build configuration list for PBXNativeTarget "BLE Mark IITests" */ = {
			isa = XCConfigurationList;
			buildConfigurations = (
				3634B2A224BACD7800742EA0 /* Debug */,
				3634B2A324BACD7800742EA0 /* Release */,
			);
			defaultConfigurationIsVisible = 0;
			defaultConfigurationName = Release;
		};
		3634B2A424BACD7800742EA0 /* Build configuration list for PBXNativeTarget "BLE Mark IIUITests" */ = {
			isa = XCConfigurationList;
			buildConfigurations = (
				3634B2A524BACD7800742EA0 /* Debug */,
				3634B2A624BACD7800742EA0 /* Release */,
			);
			defaultConfigurationIsVisible = 0;
			defaultConfigurationName = Release;
		};
/* End XCConfigurationList section */
	};
	rootObject = 3634B27024BACD7500742EA0 /* Project object */;
}
